// !$*UTF8*$!
{
	archiveVersion = 1;
	classes = {
	};
	objectVersion = 48;
	objects = {

/* Begin PBXBuildFile section */
		4A38EFF51FEA7BA000F8D480 /* AppDelegate.swift in Sources */ = {isa = PBXBuildFile; fileRef = 4A38EFF41FEA7BA000F8D480 /* AppDelegate.swift */; };
		4A38EFF71FEA7BA000F8D480 /* ViewController.swift in Sources */ = {isa = PBXBuildFile; fileRef = 4A38EFF61FEA7BA000F8D480 /* ViewController.swift */; };
		4A38EFFA1FEA7BA000F8D480 /* Main.storyboard in Resources */ = {isa = PBXBuildFile; fileRef = 4A38EFF81FEA7BA000F8D480 /* Main.storyboard */; };
		4A38EFFC1FEA7BA000F8D480 /* Assets.xcassets in Resources */ = {isa = PBXBuildFile; fileRef = 4A38EFFB1FEA7BA000F8D480 /* Assets.xcassets */; };
		4A38EFFF1FEA7BA000F8D480 /* LaunchScreen.storyboard in Resources */ = {isa = PBXBuildFile; fileRef = 4A38EFFD1FEA7BA000F8D480 /* LaunchScreen.storyboard */; };
		4AE2CCB51FF3B8E8004108A6 /* WWPermissions.swift in Sources */ = {isa = PBXBuildFile; fileRef = 4AE2CCB21FF3B8E8004108A6 /* WWPermissions.swift */; };
		4AE2CCB61FF3B8E8004108A6 /* WWRequestPermissionLocationHandler.swift in Sources */ = {isa = PBXBuildFile; fileRef = 4AE2CCB31FF3B8E8004108A6 /* WWRequestPermissionLocationHandler.swift */; };
		4AE2CCB71FF3B8E8004108A6 /* WWPermissionManager.swift in Sources */ = {isa = PBXBuildFile; fileRef = 4AE2CCB41FF3B8E8004108A6 /* WWPermissionManager.swift */; };
/* End PBXBuildFile section */

/* Begin PBXFileReference section */
		4A38EFF11FEA7BA000F8D480 /* WWRequestPermission.app */ = {isa = PBXFileReference; explicitFileType = wrapper.application; includeInIndex = 0; path = WWRequestPermission.app; sourceTree = BUILT_PRODUCTS_DIR; };
		4A38EFF41FEA7BA000F8D480 /* AppDelegate.swift */ = {isa = PBXFileReference; lastKnownFileType = sourcecode.swift; path = AppDelegate.swift; sourceTree = "<group>"; };
		4A38EFF61FEA7BA000F8D480 /* ViewController.swift */ = {isa = PBXFileReference; lastKnownFileType = sourcecode.swift; path = ViewController.swift; sourceTree = "<group>"; };
		4A38EFF91FEA7BA000F8D480 /* Base */ = {isa = PBXFileReference; lastKnownFileType = file.storyboard; name = Base; path = Base.lproj/Main.storyboard; sourceTree = "<group>"; };
		4A38EFFB1FEA7BA000F8D480 /* Assets.xcassets */ = {isa = PBXFileReference; lastKnownFileType = folder.assetcatalog; path = Assets.xcassets; sourceTree = "<group>"; };
		4A38EFFE1FEA7BA000F8D480 /* Base */ = {isa = PBXFileReference; lastKnownFileType = file.storyboard; name = Base; path = Base.lproj/LaunchScreen.storyboard; sourceTree = "<group>"; };
		4A38F0001FEA7BA000F8D480 /* Info.plist */ = {isa = PBXFileReference; lastKnownFileType = text.plist.xml; path = Info.plist; sourceTree = "<group>"; };
		4AE2CCB21FF3B8E8004108A6 /* WWPermissions.swift */ = {isa = PBXFileReference; fileEncoding = 4; lastKnownFileType = sourcecode.swift; path = WWPermissions.swift; sourceTree = "<group>"; };
		4AE2CCB31FF3B8E8004108A6 /* WWRequestPermissionLocationHandler.swift */ = {isa = PBXFileReference; fileEncoding = 4; lastKnownFileType = sourcecode.swift; path = WWRequestPermissionLocationHandler.swift; sourceTree = "<group>"; };
		4AE2CCB41FF3B8E8004108A6 /* WWPermissionManager.swift */ = {isa = PBXFileReference; fileEncoding = 4; lastKnownFileType = sourcecode.swift; path = WWPermissionManager.swift; sourceTree = "<group>"; };
/* End PBXFileReference section */

/* Begin PBXFrameworksBuildPhase section */
		4A38EFEE1FEA7BA000F8D480 /* Frameworks */ = {
			isa = PBXFrameworksBuildPhase;
			buildActionMask = 2147483647;
			files = (
			);
			runOnlyForDeploymentPostprocessing = 0;
		};
/* End PBXFrameworksBuildPhase section */

/* Begin PBXGroup section */
		4A1B79751FF11B0D00BF30C6 /* Frameworks */ = {
			isa = PBXGroup;
			children = (
			);
			name = Frameworks;
			sourceTree = "<group>";
		};
		4A38EFE81FEA7BA000F8D480 = {
			isa = PBXGroup;
			children = (
				4A38EFF31FEA7BA000F8D480 /* WWRequestPermission */,
				4A38EFF21FEA7BA000F8D480 /* Products */,
				4A1B79751FF11B0D00BF30C6 /* Frameworks */,
			);
			sourceTree = "<group>";
		};
		4A38EFF21FEA7BA000F8D480 /* Products */ = {
			isa = PBXGroup;
			children = (
				4A38EFF11FEA7BA000F8D480 /* WWRequestPermission.app */,
			);
			name = Products;
			sourceTree = "<group>";
		};
		4A38EFF31FEA7BA000F8D480 /* WWRequestPermission */ = {
			isa = PBXGroup;
			children = (
				4AE2CCB11FF3B8E8004108A6 /* WWPermissionManager */,
				4A38EFF41FEA7BA000F8D480 /* AppDelegate.swift */,
				4A38EFF61FEA7BA000F8D480 /* ViewController.swift */,
				4A38EFF81FEA7BA000F8D480 /* Main.storyboard */,
				4A38EFFB1FEA7BA000F8D480 /* Assets.xcassets */,
				4A38EFFD1FEA7BA000F8D480 /* LaunchScreen.storyboard */,
				4A38F0001FEA7BA000F8D480 /* Info.plist */,
			);
			path = WWRequestPermission;
			sourceTree = "<group>";
		};
		4AE2CCB11FF3B8E8004108A6 /* WWPermissionManager */ = {
			isa = PBXGroup;
			children = (
				4AE2CCB21FF3B8E8004108A6 /* WWPermissions.swift */,
				4AE2CCB31FF3B8E8004108A6 /* WWRequestPermissionLocationHandler.swift */,
				4AE2CCB41FF3B8E8004108A6 /* WWPermissionManager.swift */,
			);
			name = WWPermissionManager;
			path = ../../WWPermissionManager;
			sourceTree = "<group>";
		};
/* End PBXGroup section */

/* Begin PBXNativeTarget section */
		4A38EFF01FEA7BA000F8D480 /* WWRequestPermission */ = {
			isa = PBXNativeTarget;
			buildConfigurationList = 4A38F0031FEA7BA000F8D480 /* Build configuration list for PBXNativeTarget "WWRequestPermission" */;
			buildPhases = (
				4A38EFED1FEA7BA000F8D480 /* Sources */,
				4A38EFEE1FEA7BA000F8D480 /* Frameworks */,
				4A38EFEF1FEA7BA000F8D480 /* Resources */,
			);
			buildRules = (
			);
			dependencies = (
			);
			name = WWRequestPermission;
			productName = WWRequestPermission;
			productReference = 4A38EFF11FEA7BA000F8D480 /* WWRequestPermission.app */;
			productType = "com.apple.product-type.application";
		};
/* End PBXNativeTarget section */

/* Begin PBXProject section */
		4A38EFE91FEA7BA000F8D480 /* Project object */ = {
			isa = PBXProject;
			attributes = {
				LastSwiftUpdateCheck = 0920;
				LastUpgradeCheck = 0920;
				ORGANIZATIONNAME = "王伟";
				TargetAttributes = {
					4A38EFF01FEA7BA000F8D480 = {
						CreatedOnToolsVersion = 9.2;
						ProvisioningStyle = Automatic;
						SystemCapabilities = {
							com.apple.BackgroundModes = {
								enabled = 1;
							};
							com.apple.Maps.iOS = {
								enabled = 0;
							};
						};
					};
				};
			};
			buildConfigurationList = 4A38EFEC1FEA7BA000F8D480 /* Build configuration list for PBXProject "WWRequestPermission" */;
			compatibilityVersion = "Xcode 8.0";
			developmentRegion = en;
			hasScannedForEncodings = 0;
			knownRegions = (
				en,
				Base,
			);
			mainGroup = 4A38EFE81FEA7BA000F8D480;
			productRefGroup = 4A38EFF21FEA7BA000F8D480 /* Products */;
			projectDirPath = "";
			projectRoot = "";
			targets = (
				4A38EFF01FEA7BA000F8D480 /* WWRequestPermission */,
			);
		};
/* End PBXProject section */

/* Begin PBXResourcesBuildPhase section */
		4A38EFEF1FEA7BA000F8D480 /* Resources */ = {
			isa = PBXResourcesBuildPhase;
			buildActionMask = 2147483647;
			files = (
				4A38EFFF1FEA7BA000F8D480 /* LaunchScreen.storyboard in Resources */,
				4A38EFFC1FEA7BA000F8D480 /* Assets.xcassets in Resources */,
				4A38EFFA1FEA7BA000F8D480 /* Main.storyboard in Resources */,
			);
			runOnlyForDeploymentPostprocessing = 0;
		};
/* End PBXResourcesBuildPhase section */

/* Begin PBXSourcesBuildPhase section */
		4A38EFED1FEA7BA000F8D480 /* Sources */ = {
			isa = PBXSourcesBuildPhase;
			buildActionMask = 2147483647;
			files = (
				4A38EFF71FEA7BA000F8D480 /* ViewController.swift in Sources */,
				4A38EFF51FEA7BA000F8D480 /* AppDelegate.swift in Sources */,
				4AE2CCB61FF3B8E8004108A6 /* WWRequestPermissionLocationHandler.swift in Sources */,
				4AE2CCB51FF3B8E8004108A6 /* WWPermissions.swift in Sources */,
				4AE2CCB71FF3B8E8004108A6 /* WWPermissionManager.swift in Sources */,
			);
			runOnlyForDeploymentPostprocessing = 0;
		};
/* End PBXSourcesBuildPhase section */

/* Begin PBXVariantGroup section */
		4A38EFF81FEA7BA000F8D480 /* Main.storyboard */ = {
			isa = PBXVariantGroup;
			children = (
				4A38EFF91FEA7BA000F8D480 /* Base */,
			);
			name = Main.storyboard;
			sourceTree = "<group>";
		};
		4A38EFFD1FEA7BA000F8D480 /* LaunchScreen.storyboard */ = {
			isa = PBXVariantGroup;
			children = (
				4A38EFFE1FEA7BA000F8D480 /* Base */,
			);
			name = LaunchScreen.storyboard;
			sourceTree = "<group>";
		};
/* End PBXVariantGroup section */

/* Begin XCBuildConfiguration section */
		4A38F0011FEA7BA000F8D480 /* Debug */ = {
			isa = XCBuildConfiguration;
			buildSettings = {
				ALWAYS_SEARCH_USER_PATHS = NO;
				CLANG_ANALYZER_NONNULL = YES;
				CLANG_ANALYZER_NUMBER_OBJECT_CONVERSION = YES_AGGRESSIVE;
				CLANG_CXX_LANGUAGE_STANDARD = "gnu++14";
				CLANG_CXX_LIBRARY = "libc++";
				CLANG_ENABLE_MODULES = YES;
				CLANG_ENABLE_OBJC_ARC = YES;
				CLANG_WARN_BLOCK_CAPTURE_AUTORELEASING = YES;
				CLANG_WARN_BOOL_CONVERSION = YES;
				CLANG_WARN_COMMA = YES;
				CLANG_WARN_CONSTANT_CONVERSION = YES;
				CLANG_WARN_DIRECT_OBJC_ISA_USAGE = YES_ERROR;
				CLANG_WARN_DOCUMENTATION_COMMENTS = YES;
				CLANG_WARN_EMPTY_BODY = YES;
				CLANG_WARN_ENUM_CONVERSION = YES;
				CLANG_WARN_INFINITE_RECURSION = YES;
				CLANG_WARN_INT_CONVERSION = YES;
				CLANG_WARN_NON_LITERAL_NULL_CONVERSION = YES;
				CLANG_WARN_OBJC_LITERAL_CONVERSION = YES;
				CLANG_WARN_OBJC_ROOT_CLASS = YES_ERROR;
				CLANG_WARN_RANGE_LOOP_ANALYSIS = YES;
				CLANG_WARN_STRICT_PROTOTYPES = YES;
				CLANG_WARN_SUSPICIOUS_MOVE = YES;
				CLANG_WARN_UNGUARDED_AVAILABILITY = YES_AGGRESSIVE;
				CLANG_WARN_UNREACHABLE_CODE = YES;
				CLANG_WARN__DUPLICATE_METHOD_MATCH = YES;
				CODE_SIGN_IDENTITY = "iPhone Developer";
				COPY_PHASE_STRIP = NO;
				DEBUG_INFORMATION_FORMAT = dwarf;
				ENABLE_STRICT_OBJC_MSGSEND = YES;
				ENABLE_TESTABILITY = YES;
				GCC_C_LANGUAGE_STANDARD = gnu11;
				GCC_DYNAMIC_NO_PIC = NO;
				GCC_NO_COMMON_BLOCKS = YES;
				GCC_OPTIMIZATION_LEVEL = 0;
				GCC_PREPROCESSOR_DEFINITIONS = (
					"DEBUG=1",
					"$(inherited)",
				);
				GCC_WARN_64_TO_32_BIT_CONVERSION = YES;
				GCC_WARN_ABOUT_RETURN_TYPE = YES_ERROR;
				GCC_WARN_UNDECLARED_SELECTOR = YES;
				GCC_WARN_UNINITIALIZED_AUTOS = YES_AGGRESSIVE;
				GCC_WARN_UNUSED_FUNCTION = YES;
				GCC_WARN_UNUSED_VARIABLE = YES;
				IPHONEOS_DEPLOYMENT_TARGET = 11.2;
				MTL_ENABLE_DEBUG_INFO = YES;
				ONLY_ACTIVE_ARCH = YES;
				SDKROOT = iphoneos;
				SWIFT_ACTIVE_COMPILATION_CONDITIONS = DEBUG;
				SWIFT_OPTIMIZATION_LEVEL = "-Onone";
			};
			name = Debug;
		};
		4A38F0021FEA7BA000F8D480 /* Release */ = {
			isa = XCBuildConfiguration;
			buildSettings = {
				ALWAYS_SEARCH_USER_PATHS = NO;
				CLANG_ANALYZER_NONNULL = YES;
				CLANG_ANALYZER_NUMBER_OBJECT_CONVERSION = YES_AGGRESSIVE;
				CLANG_CXX_LANGUAGE_STANDARD = "gnu++14";
				CLANG_CXX_LIBRARY = "libc++";
				CLANG_ENABLE_MODULES = YES;
				CLANG_ENABLE_OBJC_ARC = YES;
				CLANG_WARN_BLOCK_CAPTURE_AUTORELEASING = YES;
				CLANG_WARN_BOOL_CONVERSION = YES;
				CLANG_WARN_COMMA = YES;
				CLANG_WARN_CONSTANT_CONVERSION = YES;
				CLANG_WARN_DIRECT_OBJC_ISA_USAGE = YES_ERROR;
				CLANG_WARN_DOCUMENTATION_COMMENTS = YES;
				CLANG_WARN_EMPTY_BODY = YES;
				CLANG_WARN_ENUM_CONVERSION = YES;
				CLANG_WARN_INFINITE_RECURSION = YES;
				CLANG_WARN_INT_CONVERSION = YES;
				CLANG_WARN_NON_LITERAL_NULL_CONVERSION = YES;
				CLANG_WARN_OBJC_LITERAL_CONVERSION = YES;
				CLANG_WARN_OBJC_ROOT_CLASS = YES_ERROR;
				CLANG_WARN_RANGE_LOOP_ANALYSIS = YES;
				CLANG_WARN_STRICT_PROTOTYPES = YES;
				CLANG_WARN_SUSPICIOUS_MOVE = YES;
				CLANG_WARN_UNGUARDED_AVAILABILITY = YES_AGGRESSIVE;
				CLANG_WARN_UNREACHABLE_CODE = YES;
				CLANG_WARN__DUPLICATE_METHOD_MATCH = YES;
				CODE_SIGN_IDENTITY = "iPhone Developer";
				COPY_PHASE_STRIP = NO;
				DEBUG_INFORMATION_FORMAT = "dwarf-with-dsym";
				ENABLE_NS_ASSERTIONS = NO;
				ENABLE_STRICT_OBJC_MSGSEND = YES;
				GCC_C_LANGUAGE_STANDARD = gnu11;
				GCC_NO_COMMON_BLOCKS = YES;
				GCC_WARN_64_TO_32_BIT_CONVERSION = YES;
				GCC_WARN_ABOUT_RETURN_TYPE = YES_ERROR;
				GCC_WARN_UNDECLARED_SELECTOR = YES;
				GCC_WARN_UNINITIALIZED_AUTOS = YES_AGGRESSIVE;
				GCC_WARN_UNUSED_FUNCTION = YES;
				GCC_WARN_UNUSED_VARIABLE = YES;
				IPHONEOS_DEPLOYMENT_TARGET = 11.2;
				MTL_ENABLE_DEBUG_INFO = NO;
				SDKROOT = iphoneos;
				SWIFT_OPTIMIZATION_LEVEL = "-Owholemodule";
				VALIDATE_PRODUCT = YES;
			};
			name = Release;
		};
		4A38F0041FEA7BA000F8D480 /* Debug */ = {
			isa = XCBuildConfiguration;
			buildSettings = {
				ASSETCATALOG_COMPILER_APPICON_NAME = AppIcon;
				"CODE_SIGN_IDENTITY[sdk=iphoneos*]" = "iPhone Developer";
				CODE_SIGN_STYLE = Automatic;
				DEVELOPMENT_TEAM = PE79EJX2E2;
				INFOPLIST_FILE = WWRequestPermission/Info.plist;
				IPHONEOS_DEPLOYMENT_TARGET = 8.0;
				LD_RUNPATH_SEARCH_PATHS = "$(inherited) @executable_path/Frameworks";
				PRODUCT_BUNDLE_IDENTIFIER = safetyWifi.weiwang.com.WWRequestPermission;
				PRODUCT_NAME = "$(TARGET_NAME)";
				PROVISIONING_PROFILE_SPECIFIER = "";
				SWIFT_VERSION = 4.0;
				TARGETED_DEVICE_FAMILY = "1,2";
			};
			name = Debug;
		};
		4A38F0051FEA7BA000F8D480 /* Release */ = {
			isa = XCBuildConfiguration;
			buildSettings = {
				ASSETCATALOG_COMPILER_APPICON_NAME = AppIcon;
				"CODE_SIGN_IDENTITY[sdk=iphoneos*]" = "iPhone Developer";
				CODE_SIGN_STYLE = Automatic;
				DEVELOPMENT_TEAM = PE79EJX2E2;
				INFOPLIST_FILE = WWRequestPermission/Info.plist;
				IPHONEOS_DEPLOYMENT_TARGET = 8.0;
				LD_RUNPATH_SEARCH_PATHS = "$(inherited) @executable_path/Frameworks";
				PRODUCT_BUNDLE_IDENTIFIER = safetyWifi.weiwang.com.WWRequestPermission;
				PRODUCT_NAME = "$(TARGET_NAME)";
				PROVISIONING_PROFILE_SPECIFIER = "";
				SWIFT_VERSION = 4.0;
				TARGETED_DEVICE_FAMILY = "1,2";
			};
			name = Release;
		};
/* End XCBuildConfiguration section */

/* Begin XCConfigurationList section */
		4A38EFEC1FEA7BA000F8D480 /* Build configuration list for PBXProject "WWRequestPermission" */ = {
			isa = XCConfigurationList;
			buildConfigurations = (
				4A38F0011FEA7BA000F8D480 /* Debug */,
				4A38F0021FEA7BA000F8D480 /* Release */,
			);
			defaultConfigurationIsVisible = 0;
			defaultConfigurationName = Release;
		};
		4A38F0031FEA7BA000F8D480 /* Build configuration list for PBXNativeTarget "WWRequestPermission" */ = {
			isa = XCConfigurationList;
			buildConfigurations = (
				4A38F0041FEA7BA000F8D480 /* Debug */,
				4A38F0051FEA7BA000F8D480 /* Release */,
			);
			defaultConfigurationIsVisible = 0;
			defaultConfigurationName = Release;
		};
/* End XCConfigurationList section */
	};
	rootObject = 4A38EFE91FEA7BA000F8D480 /* Project object */;
}
